
Microsoft Visual Studio Solution File, Format Version 12.00
# Visual Studio 2013
VisualStudioVersion = 12.0.40629.0
MinimumVisualStudioVersion = 10.0.40219.1
Project("{FAE04EC0-301F-11D3-BF4B-00C04F79EFBC}") = "SNAPME.Web.Core", "SNAPME.Web.Core\SNAPME.Web.Core.csproj", "{A73BF727-EFE5-4916-A0EF-9DA78628B2CF}"
EndProject
Project("{2150E333-8FDC-42A3-9474-1A3956D46DE8}") = ".nuget", ".nuget", "{7CB469A9-6217-410F-A472-26F28F6A2453}"
	ProjectSection(SolutionItems) = preProject
		.nuget\NuGet.Config = .nuget\NuGet.Config
		.nuget\NuGet.exe = .nuget\NuGet.exe
		.nuget\NuGet.targets = .nuget\NuGet.targets
	EndProjectSection
EndProject
Project("{FAE04EC0-301F-11D3-BF4B-00C04F79EFBC}") = "SNAPME.Live", "SNAPME.Live\SNAPME.Live.csproj", "{F7AE3FD9-1F2E-4BD3-9F71-6E2BD3E8B2D8}"
EndProject
Project("{FAE04EC0-301F-11D3-BF4B-00C04F79EFBC}") = "SNAPME.Live.Services", "SNAPME.Live.Services\SNAPME.Live.Services.csproj", "{5D746FEF-AE52-4DAB-A270-D913BE1FBF28}"
EndProject
Project("{FAE04EC0-301F-11D3-BF4B-00C04F79EFBC}") = "SNAPME.Live.Data", "SNAPME.Live.Data\SNAPME.Live.Data.csproj", "{EE9B755F-FEEE-4DDB-930E-58F65166B455}"
EndProject
Global
	GlobalSection(SolutionConfigurationPlatforms) = preSolution
		Debug|Any CPU = Debug|Any CPU
		Release|Any CPU = Release|Any CPU
	EndGlobalSection
	GlobalSection(ProjectConfigurationPlatforms) = postSolution
		{A73BF727-EFE5-4916-A0EF-9DA78628B2CF}.Debug|Any CPU.ActiveCfg = Debug|Any CPU
		{A73BF727-EFE5-4916-A0EF-9DA78628B2CF}.Debug|Any CPU.Build.0 = Debug|Any CPU
		{A73BF727-EFE5-4916-A0EF-9DA78628B2CF}.Release|Any CPU.ActiveCfg = Release|Any CPU
		{A73BF727-EFE5-4916-A0EF-9DA78628B2CF}.Release|Any CPU.Build.0 = Release|Any CPU
		{F7AE3FD9-1F2E-4BD3-9F71-6E2BD3E8B2D8}.Debug|Any CPU.ActiveCfg = Debug|Any CPU
		{F7AE3FD9-1F2E-4BD3-9F71-6E2BD3E8B2D8}.Debug|Any CPU.Build.0 = Debug|Any CPU
		{F7AE3FD9-1F2E-4BD3-9F71-6E2BD3E8B2D8}.Release|Any CPU.ActiveCfg = Release|Any CPU
		{F7AE3FD9-1F2E-4BD3-9F71-6E2BD3E8B2D8}.Release|Any CPU.Build.0 = Release|Any CPU
		{5D746FEF-AE52-4DAB-A270-D913BE1FBF28}.Debug|Any CPU.ActiveCfg = Debug|Any CPU
		{5D746FEF-AE52-4DAB-A270-D913BE1FBF28}.Debug|Any CPU.Build.0 = Debug|Any CPU
		{5D746FEF-AE52-4DAB-A270-D913BE1FBF28}.Release|Any CPU.ActiveCfg = Release|Any CPU
		{5D746FEF-AE52-4DAB-A270-D913BE1FBF28}.Release|Any CPU.Build.0 = Release|Any CPU
		{EE9B755F-FEEE-4DDB-930E-58F65166B455}.Debug|Any CPU.ActiveCfg = Debug|Any CPU
		{EE9B755F-FEEE-4DDB-930E-58F65166B455}.Debug|Any CPU.Build.0 = Debug|Any CPU
		{EE9B755F-FEEE-4DDB-930E-58F65166B455}.Release|Any CPU.ActiveCfg = Release|Any CPU
		{EE9B755F-FEEE-4DDB-930E-58F65166B455}.Release|Any CPU.Build.0 = Release|Any CPU
	EndGlobalSection
	GlobalSection(SolutionProperties) = preSolution
		HideSolutionNode = FALSE
	EndGlobalSection
EndGlobal
